
Microsoft Visual Studio Solution File, Format Version 12.00
# Visual Studio Version 16
VisualStudioVersion = 16.0.30711.63
MinimumVisualStudioVersion = 10.0.40219.1
Project("{FAE04EC0-301F-11D3-BF4B-00C04F79EFBC}") = "Problem2", "Problem2\Problem2.csproj", "{DE019535-7F33-4D00-8292-12DA5AAFA58F}"
EndProject
Global
	GlobalSection(SolutionConfigurationPlatforms) = preSolution
		Debug|Any CPU = Debug|Any CPU
		Release|Any CPU = Release|Any CPU
	EndGlobalSection
	GlobalSection(ProjectConfigurationPlatforms) = postSolution
		{DE019535-7F33-4D00-8292-12DA5AAFA58F}.Debug|Any CPU.ActiveCfg = Debug|Any CPU
		{DE019535-7F33-4D00-8292-12DA5AAFA58F}.Debug|Any CPU.Build.0 = Debug|Any CPU
		{DE019535-7F33-4D00-8292-12DA5AAFA58F}.Release|Any CPU.ActiveCfg = Release|Any CPU
		{DE019535-7F33-4D00-8292-12DA5AAFA58F}.Release|Any CPU.Build.0 = Release|Any CPU
	EndGlobalSection
	GlobalSection(SolutionProperties) = preSolution
		HideSolutionNode = FALSE
	EndGlobalSection
	GlobalSection(ExtensibilityGlobals) = postSolution
		SolutionGuid = {ECDCC1C2-3381-4F5E-BBAE-1FA0C548A287}
	EndGlobalSection
EndGlobal
