
Microsoft Visual Studio Solution File, Format Version 12.00
# Visual Studio Version 16
VisualStudioVersion = 16.0.30711.63
MinimumVisualStudioVersion = 10.0.40219.1
Project("{FAE04EC0-301F-11D3-BF4B-00C04F79EFBC}") = "Problem2", "Problem2\Problem2.csproj", "{760E717B-D804-467B-930E-4E0E1B798DAA}"
EndProject
Global
	GlobalSection(SolutionConfigurationPlatforms) = preSolution
		Debug|Any CPU = Debug|Any CPU
		Release|Any CPU = Release|Any CPU
	EndGlobalSection
	GlobalSection(ProjectConfigurationPlatforms) = postSolution
		{760E717B-D804-467B-930E-4E0E1B798DAA}.Debug|Any CPU.ActiveCfg = Debug|Any CPU
		{760E717B-D804-467B-930E-4E0E1B798DAA}.Debug|Any CPU.Build.0 = Debug|Any CPU
		{760E717B-D804-467B-930E-4E0E1B798DAA}.Release|Any CPU.ActiveCfg = Release|Any CPU
		{760E717B-D804-467B-930E-4E0E1B798DAA}.Release|Any CPU.Build.0 = Release|Any CPU
	EndGlobalSection
	GlobalSection(SolutionProperties) = preSolution
		HideSolutionNode = FALSE
	EndGlobalSection
	GlobalSection(ExtensibilityGlobals) = postSolution
		SolutionGuid = {0FBEDA25-B26B-4FFE-B6E7-8A35BBCE71FA}
	EndGlobalSection
EndGlobal
